
Microsoft Visual Studio Solution File, Format Version 12.00
# Visual Studio Version 17
VisualStudioVersion = 17.10.35013.160
MinimumVisualStudioVersion = 10.0.40219.1
Project("{FAE04EC0-301F-11D3-BF4B-00C04F79EFBC}") = "Student_Management2", "Student_Management2\Student_Management2.csproj", "{FEBC9E6F-9425-4C48-90B0-BC892FC86D93}"
EndProject
Global
	GlobalSection(SolutionConfigurationPlatforms) = preSolution
		Debug|Any CPU = Debug|Any CPU
		Release|Any CPU = Release|Any CPU
	EndGlobalSection
	GlobalSection(ProjectConfigurationPlatforms) = postSolution
		{FEBC9E6F-9425-4C48-90B0-BC892FC86D93}.Debug|Any CPU.ActiveCfg = Debug|Any CPU
		{FEBC9E6F-9425-4C48-90B0-BC892FC86D93}.Debug|Any CPU.Build.0 = Debug|Any CPU
		{FEBC9E6F-9425-4C48-90B0-BC892FC86D93}.Release|Any CPU.ActiveCfg = Release|Any CPU
		{FEBC9E6F-9425-4C48-90B0-BC892FC86D93}.Release|Any CPU.Build.0 = Release|Any CPU
	EndGlobalSection
	GlobalSection(SolutionProperties) = preSolution
		HideSolutionNode = FALSE
	EndGlobalSection
	GlobalSection(ExtensibilityGlobals) = postSolution
		SolutionGuid = {522FA694-BE46-4156-B628-2685431D8DC1}
	EndGlobalSection
EndGlobal
