
Microsoft Visual Studio Solution File, Format Version 12.00
# Visual Studio Version 17
VisualStudioVersion = 17.10.35013.160
MinimumVisualStudioVersion = 10.0.40219.1
Project("{FAE04EC0-301F-11D3-BF4B-00C04F79EFBC}") = "Student_Management", "Student_Management\Student_Management.csproj", "{23D6E1C1-34E6-49D2-9709-93FD4EB699D4}"
EndProject
Global
	GlobalSection(SolutionConfigurationPlatforms) = preSolution
		Debug|Any CPU = Debug|Any CPU
		Release|Any CPU = Release|Any CPU
	EndGlobalSection
	GlobalSection(ProjectConfigurationPlatforms) = postSolution
		{23D6E1C1-34E6-49D2-9709-93FD4EB699D4}.Debug|Any CPU.ActiveCfg = Debug|Any CPU
		{23D6E1C1-34E6-49D2-9709-93FD4EB699D4}.Debug|Any CPU.Build.0 = Debug|Any CPU
		{23D6E1C1-34E6-49D2-9709-93FD4EB699D4}.Release|Any CPU.ActiveCfg = Release|Any CPU
		{23D6E1C1-34E6-49D2-9709-93FD4EB699D4}.Release|Any CPU.Build.0 = Release|Any CPU
	EndGlobalSection
	GlobalSection(SolutionProperties) = preSolution
		HideSolutionNode = FALSE
	EndGlobalSection
	GlobalSection(ExtensibilityGlobals) = postSolution
		SolutionGuid = {10D2521F-FA5E-4061-A1A0-1A69E7799403}
	EndGlobalSection
EndGlobal
