
Microsoft Visual Studio Solution File, Format Version 12.00
# Visual Studio Version 17
VisualStudioVersion = 17.10.35013.160
MinimumVisualStudioVersion = 10.0.40219.1
Project("{FAE04EC0-301F-11D3-BF4B-00C04F79EFBC}") = "Movie_Man", "Movie_Man\Movie_Man.csproj", "{76E4D436-0499-4ABD-9CF4-E42DD3E609C1}"
EndProject
Global
	GlobalSection(SolutionConfigurationPlatforms) = preSolution
		Debug|Any CPU = Debug|Any CPU
		Release|Any CPU = Release|Any CPU
	EndGlobalSection
	GlobalSection(ProjectConfigurationPlatforms) = postSolution
		{76E4D436-0499-4ABD-9CF4-E42DD3E609C1}.Debug|Any CPU.ActiveCfg = Debug|Any CPU
		{76E4D436-0499-4ABD-9CF4-E42DD3E609C1}.Debug|Any CPU.Build.0 = Debug|Any CPU
		{76E4D436-0499-4ABD-9CF4-E42DD3E609C1}.Release|Any CPU.ActiveCfg = Release|Any CPU
		{76E4D436-0499-4ABD-9CF4-E42DD3E609C1}.Release|Any CPU.Build.0 = Release|Any CPU
	EndGlobalSection
	GlobalSection(SolutionProperties) = preSolution
		HideSolutionNode = FALSE
	EndGlobalSection
	GlobalSection(ExtensibilityGlobals) = postSolution
		SolutionGuid = {FE37FEB9-4EC6-4E4C-9327-77BA47E3C254}
	EndGlobalSection
EndGlobal
